// !$*UTF8*$!
{
	archiveVersion = 1;
	classes = {
	};
	objectVersion = 51;
	objects = {

/* Begin PBXBuildFile section */
		33B6F007A1638CB72A66519F /* Pods_MobileUpTestTask.framework in Frameworks */ = {isa = PBXBuildFile; fileRef = 390FA6692666B66761EFF140 /* Pods_MobileUpTestTask.framework */; };
		6A2BE32626A99DD5007D19DE /* Photo.swift in Sources */ = {isa = PBXBuildFile; fileRef = 6A2BE32526A99DD5007D19DE /* Photo.swift */; };
		6A45DF1426A88EBE00A4D3F0 /* SF-Pro-Display-Bold.otf in Resources */ = {isa = PBXBuildFile; fileRef = 6A45DF1326A88EBD00A4D3F0 /* SF-Pro-Display-Bold.otf */; };
		6A45DF1826A8A4C600A4D3F0 /* SF-Pro-Display-Medium.otf in Resources */ = {isa = PBXBuildFile; fileRef = 6A45DF1726A8A4C500A4D3F0 /* SF-Pro-Display-Medium.otf */; };
		6A45DF2426A8C68800A4D3F0 /* Session.swift in Sources */ = {isa = PBXBuildFile; fileRef = 6A45DF2326A8C68800A4D3F0 /* Session.swift */; };
		6A45DF2926A8C7D500A4D3F0 /* AuthorizationViewController.swift in Sources */ = {isa = PBXBuildFile; fileRef = 6A45DF2826A8C7D500A4D3F0 /* AuthorizationViewController.swift */; };
		6A45DF3126A8CFC800A4D3F0 /* GalleryCollectionViewCell.swift in Sources */ = {isa = PBXBuildFile; fileRef = 6A45DF2F26A8CFC800A4D3F0 /* GalleryCollectionViewCell.swift */; };
		6A45DF3226A8CFC800A4D3F0 /* GalleryCollectionViewCell.xib in Resources */ = {isa = PBXBuildFile; fileRef = 6A45DF3026A8CFC800A4D3F0 /* GalleryCollectionViewCell.xib */; };
		6A45DF3E26A8DE0B00A4D3F0 /* GalleryViewController.swift in Sources */ = {isa = PBXBuildFile; fileRef = 6A45DF3D26A8DE0B00A4D3F0 /* GalleryViewController.swift */; };
		6AAED2EA26A98724006CFD3D /* APIService.swift in Sources */ = {isa = PBXBuildFile; fileRef = 6AAED2E926A98724006CFD3D /* APIService.swift */; };
		6ABE068E26A86E0E0058CD84 /* AppDelegate.swift in Sources */ = {isa = PBXBuildFile; fileRef = 6ABE068D26A86E0E0058CD84 /* AppDelegate.swift */; };
		6ABE069026A86E0E0058CD84 /* SceneDelegate.swift in Sources */ = {isa = PBXBuildFile; fileRef = 6ABE068F26A86E0E0058CD84 /* SceneDelegate.swift */; };
		6ABE069226A86E0E0058CD84 /* ViewController.swift in Sources */ = {isa = PBXBuildFile; fileRef = 6ABE069126A86E0E0058CD84 /* ViewController.swift */; };
		6ABE069526A86E0E0058CD84 /* Main.storyboard in Resources */ = {isa = PBXBuildFile; fileRef = 6ABE069326A86E0E0058CD84 /* Main.storyboard */; };
		6ABE069726A86E1F0058CD84 /* Assets.xcassets in Resources */ = {isa = PBXBuildFile; fileRef = 6ABE069626A86E1F0058CD84 /* Assets.xcassets */; };
		6ABE069A26A86E1F0058CD84 /* LaunchScreen.storyboard in Resources */ = {isa = PBXBuildFile; fileRef = 6ABE069826A86E1F0058CD84 /* LaunchScreen.storyboard */; };
		6AC7F9E526AAD8F300DD01D8 /* PhotoDataStorage.swift in Sources */ = {isa = PBXBuildFile; fileRef = 6AC7F9E426AAD8F300DD01D8 /* PhotoDataStorage.swift */; };
		6AC7F9EF26AB015500DD01D8 /* FullScreenCollectionViewCell.swift in Sources */ = {isa = PBXBuildFile; fileRef = 6AC7F9ED26AB015500DD01D8 /* FullScreenCollectionViewCell.swift */; };
		6AC7F9F026AB015500DD01D8 /* FullScreenCollectionViewCell.xib in Resources */ = {isa = PBXBuildFile; fileRef = 6AC7F9EE26AB015500DD01D8 /* FullScreenCollectionViewCell.xib */; };
		6AC7F9F826AB02E600DD01D8 /* FullScreenViewController.swift in Sources */ = {isa = PBXBuildFile; fileRef = 6AC7F9F726AB02E600DD01D8 /* FullScreenViewController.swift */; };
/* End PBXBuildFile section */

/* Begin PBXFileReference section */
		12D769EF51799F496E3529D0 /* Pods-MobileUpTestTask.debug.xcconfig */ = {isa = PBXFileReference; includeInIndex = 1; lastKnownFileType = text.xcconfig; name = "Pods-MobileUpTestTask.debug.xcconfig"; path = "Target Support Files/Pods-MobileUpTestTask/Pods-MobileUpTestTask.debug.xcconfig"; sourceTree = "<group>"; };
		17B516406BF5D8FA403D88A1 /* Pods-MobileUpTestTask.release.xcconfig */ = {isa = PBXFileReference; includeInIndex = 1; lastKnownFileType = text.xcconfig; name = "Pods-MobileUpTestTask.release.xcconfig"; path = "Target Support Files/Pods-MobileUpTestTask/Pods-MobileUpTestTask.release.xcconfig"; sourceTree = "<group>"; };
		390FA6692666B66761EFF140 /* Pods_MobileUpTestTask.framework */ = {isa = PBXFileReference; explicitFileType = wrapper.framework; includeInIndex = 0; path = Pods_MobileUpTestTask.framework; sourceTree = BUILT_PRODUCTS_DIR; };
		6A2BE32526A99DD5007D19DE /* Photo.swift */ = {isa = PBXFileReference; lastKnownFileType = sourcecode.swift; path = Photo.swift; sourceTree = "<group>"; };
		6A45DF1326A88EBD00A4D3F0 /* SF-Pro-Display-Bold.otf */ = {isa = PBXFileReference; lastKnownFileType = file; path = "SF-Pro-Display-Bold.otf"; sourceTree = "<group>"; };
		6A45DF1726A8A4C500A4D3F0 /* SF-Pro-Display-Medium.otf */ = {isa = PBXFileReference; lastKnownFileType = file; path = "SF-Pro-Display-Medium.otf"; sourceTree = "<group>"; };
		6A45DF2326A8C68800A4D3F0 /* Session.swift */ = {isa = PBXFileReference; lastKnownFileType = sourcecode.swift; path = Session.swift; sourceTree = "<group>"; };
		6A45DF2826A8C7D500A4D3F0 /* AuthorizationViewController.swift */ = {isa = PBXFileReference; lastKnownFileType = sourcecode.swift; path = AuthorizationViewController.swift; sourceTree = "<group>"; };
		6A45DF2F26A8CFC800A4D3F0 /* GalleryCollectionViewCell.swift */ = {isa = PBXFileReference; lastKnownFileType = sourcecode.swift; path = GalleryCollectionViewCell.swift; sourceTree = "<group>"; };
		6A45DF3026A8CFC800A4D3F0 /* GalleryCollectionViewCell.xib */ = {isa = PBXFileReference; lastKnownFileType = file.xib; path = GalleryCollectionViewCell.xib; sourceTree = "<group>"; };
		6A45DF3D26A8DE0B00A4D3F0 /* GalleryViewController.swift */ = {isa = PBXFileReference; lastKnownFileType = sourcecode.swift; path = GalleryViewController.swift; sourceTree = "<group>"; };
		6AAED2E926A98724006CFD3D /* APIService.swift */ = {isa = PBXFileReference; lastKnownFileType = sourcecode.swift; path = APIService.swift; sourceTree = "<group>"; };
		6ABE068A26A86E0E0058CD84 /* MobileUpTestTask.app */ = {isa = PBXFileReference; explicitFileType = wrapper.application; includeInIndex = 0; path = MobileUpTestTask.app; sourceTree = BUILT_PRODUCTS_DIR; };
		6ABE068D26A86E0E0058CD84 /* AppDelegate.swift */ = {isa = PBXFileReference; lastKnownFileType = sourcecode.swift; path = AppDelegate.swift; sourceTree = "<group>"; };
		6ABE068F26A86E0E0058CD84 /* SceneDelegate.swift */ = {isa = PBXFileReference; lastKnownFileType = sourcecode.swift; path = SceneDelegate.swift; sourceTree = "<group>"; };
		6ABE069126A86E0E0058CD84 /* ViewController.swift */ = {isa = PBXFileReference; lastKnownFileType = sourcecode.swift; path = ViewController.swift; sourceTree = "<group>"; };
		6ABE069426A86E0E0058CD84 /* Base */ = {isa = PBXFileReference; lastKnownFileType = file.storyboard; name = Base; path = Base.lproj/Main.storyboard; sourceTree = "<group>"; };
		6ABE069626A86E1F0058CD84 /* Assets.xcassets */ = {isa = PBXFileReference; lastKnownFileType = folder.assetcatalog; path = Assets.xcassets; sourceTree = "<group>"; };
		6ABE069926A86E1F0058CD84 /* Base */ = {isa = PBXFileReference; lastKnownFileType = file.storyboard; name = Base; path = Base.lproj/LaunchScreen.storyboard; sourceTree = "<group>"; };
		6ABE069B26A86E1F0058CD84 /* Info.plist */ = {isa = PBXFileReference; lastKnownFileType = text.plist.xml; path = Info.plist; sourceTree = "<group>"; };
		6AC7F9E426AAD8F300DD01D8 /* PhotoDataStorage.swift */ = {isa = PBXFileReference; lastKnownFileType = sourcecode.swift; path = PhotoDataStorage.swift; sourceTree = "<group>"; };
		6AC7F9ED26AB015500DD01D8 /* FullScreenCollectionViewCell.swift */ = {isa = PBXFileReference; lastKnownFileType = sourcecode.swift; path = FullScreenCollectionViewCell.swift; sourceTree = "<group>"; };
		6AC7F9EE26AB015500DD01D8 /* FullScreenCollectionViewCell.xib */ = {isa = PBXFileReference; lastKnownFileType = file.xib; path = FullScreenCollectionViewCell.xib; sourceTree = "<group>"; };
		6AC7F9F726AB02E600DD01D8 /* FullScreenViewController.swift */ = {isa = PBXFileReference; lastKnownFileType = sourcecode.swift; path = FullScreenViewController.swift; sourceTree = "<group>"; };
/* End PBXFileReference section */

/* Begin PBXFrameworksBuildPhase section */
		6ABE068726A86E0E0058CD84 /* Frameworks */ = {
			isa = PBXFrameworksBuildPhase;
			buildActionMask = 2147483647;
			files = (
				33B6F007A1638CB72A66519F /* Pods_MobileUpTestTask.framework in Frameworks */,
			);
			runOnlyForDeploymentPostprocessing = 0;
		};
/* End PBXFrameworksBuildPhase section */

/* Begin PBXGroup section */
		23EFF8ABDFF3327BA9D3A9C7 /* Frameworks */ = {
			isa = PBXGroup;
			children = (
				390FA6692666B66761EFF140 /* Pods_MobileUpTestTask.framework */,
			);
			name = Frameworks;
			sourceTree = "<group>";
		};
		6A2BE32426A99DBF007D19DE /* Models */ = {
			isa = PBXGroup;
			children = (
				6A2BE32526A99DD5007D19DE /* Photo.swift */,
			);
			path = Models;
			sourceTree = "<group>";
		};
		6A45DF1A26A8A5A300A4D3F0 /* Fonts */ = {
			isa = PBXGroup;
			children = (
				6A45DF1726A8A4C500A4D3F0 /* SF-Pro-Display-Medium.otf */,
				6A45DF1326A88EBD00A4D3F0 /* SF-Pro-Display-Bold.otf */,
			);
			path = Fonts;
			sourceTree = "<group>";
		};
		6A45DF2226A8C65600A4D3F0 /* Services */ = {
			isa = PBXGroup;
			children = (
				6A45DF2326A8C68800A4D3F0 /* Session.swift */,
				6AAED2E926A98724006CFD3D /* APIService.swift */,
				6AC7F9E426AAD8F300DD01D8 /* PhotoDataStorage.swift */,
			);
			path = Services;
			sourceTree = "<group>";
		};
		6A45DF2C26A8CF0D00A4D3F0 /* ViewControllers */ = {
			isa = PBXGroup;
			children = (
				6AC7F9E726AAE9BD00DD01D8 /* Authorization */,
				6A45DF2D26A8CF8C00A4D3F0 /* Initial */,
				6A45DF2E26A8CF9800A4D3F0 /* Gallery */,
				6AC7F9E826AAE9D500DD01D8 /* FullScreenGallery */,
			);
			path = ViewControllers;
			sourceTree = "<group>";
		};
		6A45DF2D26A8CF8C00A4D3F0 /* Initial */ = {
			isa = PBXGroup;
			children = (
				6ABE069126A86E0E0058CD84 /* ViewController.swift */,
			);
			path = Initial;
			sourceTree = "<group>";
		};
		6A45DF2E26A8CF9800A4D3F0 /* Gallery */ = {
			isa = PBXGroup;
			children = (
				6A45DF3D26A8DE0B00A4D3F0 /* GalleryViewController.swift */,
				6A45DF3526A8CFD000A4D3F0 /* Cell */,
			);
			path = Gallery;
			sourceTree = "<group>";
		};
		6A45DF3526A8CFD000A4D3F0 /* Cell */ = {
			isa = PBXGroup;
			children = (
				6A45DF2F26A8CFC800A4D3F0 /* GalleryCollectionViewCell.swift */,
				6A45DF3026A8CFC800A4D3F0 /* GalleryCollectionViewCell.xib */,
			);
			path = Cell;
			sourceTree = "<group>";
		};
		6ABE068126A86E0E0058CD84 = {
			isa = PBXGroup;
			children = (
				6ABE068C26A86E0E0058CD84 /* MobileUpTestTask */,
				6ABE068B26A86E0E0058CD84 /* Products */,
				A2CEE4ED31C0C09AC62938A4 /* Pods */,
				23EFF8ABDFF3327BA9D3A9C7 /* Frameworks */,
			);
			sourceTree = "<group>";
		};
		6ABE068B26A86E0E0058CD84 /* Products */ = {
			isa = PBXGroup;
			children = (
				6ABE068A26A86E0E0058CD84 /* MobileUpTestTask.app */,
			);
			name = Products;
			sourceTree = "<group>";
		};
		6ABE068C26A86E0E0058CD84 /* MobileUpTestTask */ = {
			isa = PBXGroup;
			children = (
				6A2BE32426A99DBF007D19DE /* Models */,
				6A45DF2C26A8CF0D00A4D3F0 /* ViewControllers */,
				6A45DF2226A8C65600A4D3F0 /* Services */,
				6ABE068D26A86E0E0058CD84 /* AppDelegate.swift */,
				6ABE068F26A86E0E0058CD84 /* SceneDelegate.swift */,
				6ABE069326A86E0E0058CD84 /* Main.storyboard */,
				6ABE069626A86E1F0058CD84 /* Assets.xcassets */,
				6ABE069826A86E1F0058CD84 /* LaunchScreen.storyboard */,
				6ABE069B26A86E1F0058CD84 /* Info.plist */,
				6A45DF1A26A8A5A300A4D3F0 /* Fonts */,
			);
			path = MobileUpTestTask;
			sourceTree = "<group>";
		};
		6AC7F9E726AAE9BD00DD01D8 /* Authorization */ = {
			isa = PBXGroup;
			children = (
				6A45DF2826A8C7D500A4D3F0 /* AuthorizationViewController.swift */,
			);
			path = Authorization;
			sourceTree = "<group>";
		};
		6AC7F9E826AAE9D500DD01D8 /* FullScreenGallery */ = {
			isa = PBXGroup;
			children = (
				6AC7F9F726AB02E600DD01D8 /* FullScreenViewController.swift */,
				6AC7F9EC26AB011700DD01D8 /* Cell */,
			);
			path = FullScreenGallery;
			sourceTree = "<group>";
		};
		6AC7F9EC26AB011700DD01D8 /* Cell */ = {
			isa = PBXGroup;
			children = (
				6AC7F9ED26AB015500DD01D8 /* FullScreenCollectionViewCell.swift */,
				6AC7F9EE26AB015500DD01D8 /* FullScreenCollectionViewCell.xib */,
			);
			path = Cell;
			sourceTree = "<group>";
		};
		A2CEE4ED31C0C09AC62938A4 /* Pods */ = {
			isa = PBXGroup;
			children = (
				12D769EF51799F496E3529D0 /* Pods-MobileUpTestTask.debug.xcconfig */,
				17B516406BF5D8FA403D88A1 /* Pods-MobileUpTestTask.release.xcconfig */,
			);
			path = Pods;
			sourceTree = "<group>";
		};
/* End PBXGroup section */

/* Begin PBXNativeTarget section */
		6ABE068926A86E0E0058CD84 /* MobileUpTestTask */ = {
			isa = PBXNativeTarget;
			buildConfigurationList = 6ABE069E26A86E1F0058CD84 /* Build configuration list for PBXNativeTarget "MobileUpTestTask" */;
			buildPhases = (
				9C8F60FADB776BA5E557EE54 /* [CP] Check Pods Manifest.lock */,
				6ABE068626A86E0E0058CD84 /* Sources */,
				6ABE068726A86E0E0058CD84 /* Frameworks */,
				6ABE068826A86E0E0058CD84 /* Resources */,
				9EA660B9E8242F7653BC3CA0 /* [CP] Embed Pods Frameworks */,
			);
			buildRules = (
			);
			dependencies = (
			);
			name = MobileUpTestTask;
			productName = MobileUpTestTask;
			productReference = 6ABE068A26A86E0E0058CD84 /* MobileUpTestTask.app */;
			productType = "com.apple.product-type.application";
		};
/* End PBXNativeTarget section */

/* Begin PBXProject section */
		6ABE068226A86E0E0058CD84 /* Project object */ = {
			isa = PBXProject;
			attributes = {
				LastSwiftUpdateCheck = 1240;
				LastUpgradeCheck = 1240;
				TargetAttributes = {
					6ABE068926A86E0E0058CD84 = {
						CreatedOnToolsVersion = 12.4;
					};
				};
			};
			buildConfigurationList = 6ABE068526A86E0E0058CD84 /* Build configuration list for PBXProject "MobileUpTestTask" */;
			compatibilityVersion = "Xcode 9.3";
			developmentRegion = en;
			hasScannedForEncodings = 0;
			knownRegions = (
				en,
				Base,
			);
			mainGroup = 6ABE068126A86E0E0058CD84;
			productRefGroup = 6ABE068B26A86E0E0058CD84 /* Products */;
			projectDirPath = "";
			projectRoot = "";
			targets = (
				6ABE068926A86E0E0058CD84 /* MobileUpTestTask */,
			);
		};
/* End PBXProject section */

/* Begin PBXResourcesBuildPhase section */
		6ABE068826A86E0E0058CD84 /* Resources */ = {
			isa = PBXResourcesBuildPhase;
			buildActionMask = 2147483647;
			files = (
				6ABE069A26A86E1F0058CD84 /* LaunchScreen.storyboard in Resources */,
				6ABE069726A86E1F0058CD84 /* Assets.xcassets in Resources */,
				6AC7F9F026AB015500DD01D8 /* FullScreenCollectionViewCell.xib in Resources */,
				6A45DF3226A8CFC800A4D3F0 /* GalleryCollectionViewCell.xib in Resources */,
				6A45DF1426A88EBE00A4D3F0 /* SF-Pro-Display-Bold.otf in Resources */,
				6ABE069526A86E0E0058CD84 /* Main.storyboard in Resources */,
				6A45DF1826A8A4C600A4D3F0 /* SF-Pro-Display-Medium.otf in Resources */,
			);
			runOnlyForDeploymentPostprocessing = 0;
		};
/* End PBXResourcesBuildPhase section */

/* Begin PBXShellScriptBuildPhase section */
		9C8F60FADB776BA5E557EE54 /* [CP] Check Pods Manifest.lock */ = {
			isa = PBXShellScriptBuildPhase;
			buildActionMask = 2147483647;
			files = (
			);
			inputFileListPaths = (
			);
			inputPaths = (
				"${PODS_PODFILE_DIR_PATH}/Podfile.lock",
				"${PODS_ROOT}/Manifest.lock",
			);
			name = "[CP] Check Pods Manifest.lock";
			outputFileListPaths = (
			);
			outputPaths = (
				"$(DERIVED_FILE_DIR)/Pods-MobileUpTestTask-checkManifestLockResult.txt",
			);
			runOnlyForDeploymentPostprocessing = 0;
			shellPath = /bin/sh;
			shellScript = "diff \"${PODS_PODFILE_DIR_PATH}/Podfile.lock\" \"${PODS_ROOT}/Manifest.lock\" > /dev/null\nif [ $? != 0 ] ; then\n    # print error to STDERR\n    echo \"error: The sandbox is not in sync with the Podfile.lock. Run 'pod install' or update your CocoaPods installation.\" >&2\n    exit 1\nfi\n# This output is used by Xcode 'outputs' to avoid re-running this script phase.\necho \"SUCCESS\" > \"${SCRIPT_OUTPUT_FILE_0}\"\n";
			showEnvVarsInLog = 0;
		};
		9EA660B9E8242F7653BC3CA0 /* [CP] Embed Pods Frameworks */ = {
			isa = PBXShellScriptBuildPhase;
			buildActionMask = 2147483647;
			files = (
			);
			inputFileListPaths = (
				"${PODS_ROOT}/Target Support Files/Pods-MobileUpTestTask/Pods-MobileUpTestTask-frameworks-${CONFIGURATION}-input-files.xcfilelist",
			);
			name = "[CP] Embed Pods Frameworks";
			outputFileListPaths = (
				"${PODS_ROOT}/Target Support Files/Pods-MobileUpTestTask/Pods-MobileUpTestTask-frameworks-${CONFIGURATION}-output-files.xcfilelist",
			);
			runOnlyForDeploymentPostprocessing = 0;
			shellPath = /bin/sh;
			shellScript = "\"${PODS_ROOT}/Target Support Files/Pods-MobileUpTestTask/Pods-MobileUpTestTask-frameworks.sh\"\n";
			showEnvVarsInLog = 0;
		};
/* End PBXShellScriptBuildPhase section */

/* Begin PBXSourcesBuildPhase section */
		6ABE068626A86E0E0058CD84 /* Sources */ = {
			isa = PBXSourcesBuildPhase;
			buildActionMask = 2147483647;
			files = (
				6A45DF2426A8C68800A4D3F0 /* Session.swift in Sources */,
				6A45DF3E26A8DE0B00A4D3F0 /* GalleryViewController.swift in Sources */,
				6ABE069226A86E0E0058CD84 /* ViewController.swift in Sources */,
				6A2BE32626A99DD5007D19DE /* Photo.swift in Sources */,
				6A45DF3126A8CFC800A4D3F0 /* GalleryCollectionViewCell.swift in Sources */,
				6ABE068E26A86E0E0058CD84 /* AppDelegate.swift in Sources */,
				6AC7F9E526AAD8F300DD01D8 /* PhotoDataStorage.swift in Sources */,
				6A45DF2926A8C7D500A4D3F0 /* AuthorizationViewController.swift in Sources */,
				6AAED2EA26A98724006CFD3D /* APIService.swift in Sources */,
				6ABE069026A86E0E0058CD84 /* SceneDelegate.swift in Sources */,
				6AC7F9EF26AB015500DD01D8 /* FullScreenCollectionViewCell.swift in Sources */,
				6AC7F9F826AB02E600DD01D8 /* FullScreenViewController.swift in Sources */,
			);
			runOnlyForDeploymentPostprocessing = 0;
		};
/* End PBXSourcesBuildPhase section */

/* Begin PBXVariantGroup section */
		6ABE069326A86E0E0058CD84 /* Main.storyboard */ = {
			isa = PBXVariantGroup;
			children = (
				6ABE069426A86E0E0058CD84 /* Base */,
			);
			name = Main.storyboard;
			sourceTree = "<group>";
		};
		6ABE069826A86E1F0058CD84 /* LaunchScreen.storyboard */ = {
			isa = PBXVariantGroup;
			children = (
				6ABE069926A86E1F0058CD84 /* Base */,
			);
			name = LaunchScreen.storyboard;
			sourceTree = "<group>";
		};
/* End PBXVariantGroup section */

/* Begin XCBuildConfiguration section */
		6ABE069C26A86E1F0058CD84 /* Debug */ = {
			isa = XCBuildConfiguration;
			buildSettings = {
				ALWAYS_SEARCH_USER_PATHS = NO;
				CLANG_ANALYZER_NONNULL = YES;
				CLANG_ANALYZER_NUMBER_OBJECT_CONVERSION = YES_AGGRESSIVE;
				CLANG_CXX_LANGUAGE_STANDARD = "gnu++14";
				CLANG_CXX_LIBRARY = "libc++";
				CLANG_ENABLE_MODULES = YES;
				CLANG_ENABLE_OBJC_ARC = YES;
				CLANG_ENABLE_OBJC_WEAK = YES;
				CLANG_WARN_BLOCK_CAPTURE_AUTORELEASING = YES;
				CLANG_WARN_BOOL_CONVERSION = YES;
				CLANG_WARN_COMMA = YES;
				CLANG_WARN_CONSTANT_CONVERSION = YES;
				CLANG_WARN_DEPRECATED_OBJC_IMPLEMENTATIONS = YES;
				CLANG_WARN_DIRECT_OBJC_ISA_USAGE = YES_ERROR;
				CLANG_WARN_DOCUMENTATION_COMMENTS = YES;
				CLANG_WARN_EMPTY_BODY = YES;
				CLANG_WARN_ENUM_CONVERSION = YES;
				CLANG_WARN_INFINITE_RECURSION = YES;
				CLANG_WARN_INT_CONVERSION = YES;
				CLANG_WARN_NON_LITERAL_NULL_CONVERSION = YES;
				CLANG_WARN_OBJC_IMPLICIT_RETAIN_SELF = YES;
				CLANG_WARN_OBJC_LITERAL_CONVERSION = YES;
				CLANG_WARN_OBJC_ROOT_CLASS = YES_ERROR;
				CLANG_WARN_QUOTED_INCLUDE_IN_FRAMEWORK_HEADER = YES;
				CLANG_WARN_RANGE_LOOP_ANALYSIS = YES;
				CLANG_WARN_STRICT_PROTOTYPES = YES;
				CLANG_WARN_SUSPICIOUS_MOVE = YES;
				CLANG_WARN_UNGUARDED_AVAILABILITY = YES_AGGRESSIVE;
				CLANG_WARN_UNREACHABLE_CODE = YES;
				CLANG_WARN__DUPLICATE_METHOD_MATCH = YES;
				COPY_PHASE_STRIP = NO;
				DEBUG_INFORMATION_FORMAT = dwarf;
				ENABLE_STRICT_OBJC_MSGSEND = YES;
				ENABLE_TESTABILITY = YES;
				GCC_C_LANGUAGE_STANDARD = gnu11;
				GCC_DYNAMIC_NO_PIC = NO;
				GCC_NO_COMMON_BLOCKS = YES;
				GCC_OPTIMIZATION_LEVEL = 0;
				GCC_PREPROCESSOR_DEFINITIONS = (
					"DEBUG=1",
					"$(inherited)",
				);
				GCC_WARN_64_TO_32_BIT_CONVERSION = YES;
				GCC_WARN_ABOUT_RETURN_TYPE = YES_ERROR;
				GCC_WARN_UNDECLARED_SELECTOR = YES;
				GCC_WARN_UNINITIALIZED_AUTOS = YES_AGGRESSIVE;
				GCC_WARN_UNUSED_FUNCTION = YES;
				GCC_WARN_UNUSED_VARIABLE = YES;
				IPHONEOS_DEPLOYMENT_TARGET = 14.4;
				MTL_ENABLE_DEBUG_INFO = INCLUDE_SOURCE;
				MTL_FAST_MATH = YES;
				ONLY_ACTIVE_ARCH = YES;
				SDKROOT = iphoneos;
				SWIFT_ACTIVE_COMPILATION_CONDITIONS = DEBUG;
				SWIFT_OPTIMIZATION_LEVEL = "-Onone";
			};
			name = Debug;
		};
		6ABE069D26A86E1F0058CD84 /* Release */ = {
			isa = XCBuildConfiguration;
			buildSettings = {
				ALWAYS_SEARCH_USER_PATHS = NO;
				CLANG_ANALYZER_NONNULL = YES;
				CLANG_ANALYZER_NUMBER_OBJECT_CONVERSION = YES_AGGRESSIVE;
				CLANG_CXX_LANGUAGE_STANDARD = "gnu++14";
				CLANG_CXX_LIBRARY = "libc++";
				CLANG_ENABLE_MODULES = YES;
				CLANG_ENABLE_OBJC_ARC = YES;
				CLANG_ENABLE_OBJC_WEAK = YES;
				CLANG_WARN_BLOCK_CAPTURE_AUTORELEASING = YES;
				CLANG_WARN_BOOL_CONVERSION = YES;
				CLANG_WARN_COMMA = YES;
				CLANG_WARN_CONSTANT_CONVERSION = YES;
				CLANG_WARN_DEPRECATED_OBJC_IMPLEMENTATIONS = YES;
				CLANG_WARN_DIRECT_OBJC_ISA_USAGE = YES_ERROR;
				CLANG_WARN_DOCUMENTATION_COMMENTS = YES;
				CLANG_WARN_EMPTY_BODY = YES;
				CLANG_WARN_ENUM_CONVERSION = YES;
				CLANG_WARN_INFINITE_RECURSION = YES;
				CLANG_WARN_INT_CONVERSION = YES;
				CLANG_WARN_NON_LITERAL_NULL_CONVERSION = YES;
				CLANG_WARN_OBJC_IMPLICIT_RETAIN_SELF = YES;
				CLANG_WARN_OBJC_LITERAL_CONVERSION = YES;
				CLANG_WARN_OBJC_ROOT_CLASS = YES_ERROR;
				CLANG_WARN_QUOTED_INCLUDE_IN_FRAMEWORK_HEADER = YES;
				CLANG_WARN_RANGE_LOOP_ANALYSIS = YES;
				CLANG_WARN_STRICT_PROTOTYPES = YES;
				CLANG_WARN_SUSPICIOUS_MOVE = YES;
				CLANG_WARN_UNGUARDED_AVAILABILITY = YES_AGGRESSIVE;
				CLANG_WARN_UNREACHABLE_CODE = YES;
				CLANG_WARN__DUPLICATE_METHOD_MATCH = YES;
				COPY_PHASE_STRIP = NO;
				DEBUG_INFORMATION_FORMAT = "dwarf-with-dsym";
				ENABLE_NS_ASSERTIONS = NO;
				ENABLE_STRICT_OBJC_MSGSEND = YES;
				GCC_C_LANGUAGE_STANDARD = gnu11;
				GCC_NO_COMMON_BLOCKS = YES;
				GCC_WARN_64_TO_32_BIT_CONVERSION = YES;
				GCC_WARN_ABOUT_RETURN_TYPE = YES_ERROR;
				GCC_WARN_UNDECLARED_SELECTOR = YES;
				GCC_WARN_UNINITIALIZED_AUTOS = YES_AGGRESSIVE;
				GCC_WARN_UNUSED_FUNCTION = YES;
				GCC_WARN_UNUSED_VARIABLE = YES;
				IPHONEOS_DEPLOYMENT_TARGET = 14.4;
				MTL_ENABLE_DEBUG_INFO = NO;
				MTL_FAST_MATH = YES;
				SDKROOT = iphoneos;
				SWIFT_COMPILATION_MODE = wholemodule;
				SWIFT_OPTIMIZATION_LEVEL = "-O";
				VALIDATE_PRODUCT = YES;
			};
			name = Release;
		};
		6ABE069F26A86E1F0058CD84 /* Debug */ = {
			isa = XCBuildConfiguration;
			baseConfigurationReference = 12D769EF51799F496E3529D0 /* Pods-MobileUpTestTask.debug.xcconfig */;
			buildSettings = {
				ASSETCATALOG_COMPILER_APPICON_NAME = AppIcon;
				ASSETCATALOG_COMPILER_GLOBAL_ACCENT_COLOR_NAME = AccentColor;
				CODE_SIGN_STYLE = Automatic;
				DEVELOPMENT_TEAM = P2P78F9LAM;
				INFOPLIST_FILE = MobileUpTestTask/Info.plist;
				LD_RUNPATH_SEARCH_PATHS = (
					"$(inherited)",
					"@executable_path/Frameworks",
				);
				PRODUCT_BUNDLE_IDENTIFIER = com.alexdamngreat.MobileUpTestTask;
				PRODUCT_NAME = "$(TARGET_NAME)";
				SWIFT_VERSION = 5.0;
				TARGETED_DEVICE_FAMILY = 1;
			};
			name = Debug;
		};
		6ABE06A026A86E1F0058CD84 /* Release */ = {
			isa = XCBuildConfiguration;
			baseConfigurationReference = 17B516406BF5D8FA403D88A1 /* Pods-MobileUpTestTask.release.xcconfig */;
			buildSettings = {
				ASSETCATALOG_COMPILER_APPICON_NAME = AppIcon;
				ASSETCATALOG_COMPILER_GLOBAL_ACCENT_COLOR_NAME = AccentColor;
				CODE_SIGN_STYLE = Automatic;
				DEVELOPMENT_TEAM = P2P78F9LAM;
				INFOPLIST_FILE = MobileUpTestTask/Info.plist;
				LD_RUNPATH_SEARCH_PATHS = (
					"$(inherited)",
					"@executable_path/Frameworks",
				);
				PRODUCT_BUNDLE_IDENTIFIER = com.alexdamngreat.MobileUpTestTask;
				PRODUCT_NAME = "$(TARGET_NAME)";
				SWIFT_VERSION = 5.0;
				TARGETED_DEVICE_FAMILY = 1;
			};
			name = Release;
		};
/* End XCBuildConfiguration section */

/* Begin XCConfigurationList section */
		6ABE068526A86E0E0058CD84 /* Build configuration list for PBXProject "MobileUpTestTask" */ = {
			isa = XCConfigurationList;
			buildConfigurations = (
				6ABE069C26A86E1F0058CD84 /* Debug */,
				6ABE069D26A86E1F0058CD84 /* Release */,
			);
			defaultConfigurationIsVisible = 0;
			defaultConfigurationName = Release;
		};
		6ABE069E26A86E1F0058CD84 /* Build configuration list for PBXNativeTarget "MobileUpTestTask" */ = {
			isa = XCConfigurationList;
			buildConfigurations = (
				6ABE069F26A86E1F0058CD84 /* Debug */,
				6ABE06A026A86E1F0058CD84 /* Release */,
			);
			defaultConfigurationIsVisible = 0;
			defaultConfigurationName = Release;
		};
/* End XCConfigurationList section */
	};
	rootObject = 6ABE068226A86E0E0058CD84 /* Project object */;
}
